// !$*UTF8*$!
{
	archiveVersion = 1;
	classes = {
	};
	objectVersion = 50;
	objects = {

/* Begin PBXBuildFile section */
		A06E12202687A6A900017413 /* AppDelegate.swift in Sources */ = {isa = PBXBuildFile; fileRef = A06E121F2687A6A900017413 /* AppDelegate.swift */; };
		A06E12222687A6A900017413 /* SceneDelegate.swift in Sources */ = {isa = PBXBuildFile; fileRef = A06E12212687A6A900017413 /* SceneDelegate.swift */; };
		A06E12292687A6AA00017413 /* Assets.xcassets in Resources */ = {isa = PBXBuildFile; fileRef = A06E12282687A6AA00017413 /* Assets.xcassets */; };
		A06E122C2687A6AA00017413 /* LaunchScreen.storyboard in Resources */ = {isa = PBXBuildFile; fileRef = A06E122A2687A6AA00017413 /* LaunchScreen.storyboard */; };
		A0BBDEA726895D0100D52E4E /* Movie.framework in Frameworks */ = {isa = PBXBuildFile; fileRef = A0BBDEA626895D0100D52E4E /* Movie.framework */; };
		A0BBDEA826895D0100D52E4E /* Movie.framework in Embed Frameworks */ = {isa = PBXBuildFile; fileRef = A0BBDEA626895D0100D52E4E /* Movie.framework */; settings = {ATTRIBUTES = (CodeSignOnCopy, RemoveHeadersOnCopy, ); }; };
		A0BBDEAD268995C900D52E4E /* Flow.swift in Sources */ = {isa = PBXBuildFile; fileRef = A0BBDEAC268995C900D52E4E /* Flow.swift */; };
		A0BBDEAF2689963500D52E4E /* NetworkingService.framework in Frameworks */ = {isa = PBXBuildFile; fileRef = A0BBDEAE2689963500D52E4E /* NetworkingService.framework */; };
		A0BBDEB02689963500D52E4E /* NetworkingService.framework in Embed Frameworks */ = {isa = PBXBuildFile; fileRef = A0BBDEAE2689963500D52E4E /* NetworkingService.framework */; settings = {ATTRIBUTES = (CodeSignOnCopy, RemoveHeadersOnCopy, ); }; };
		A0BBDEB62689A79100D52E4E /* MovieNetworkingServiceAdapter.swift in Sources */ = {isa = PBXBuildFile; fileRef = A0BBDEB52689A79100D52E4E /* MovieNetworkingServiceAdapter.swift */; };
/* End PBXBuildFile section */

/* Begin PBXCopyFilesBuildPhase section */
		A0BBDEA926895D0100D52E4E /* Embed Frameworks */ = {
			isa = PBXCopyFilesBuildPhase;
			buildActionMask = 2147483647;
			dstPath = "";
			dstSubfolderSpec = 10;
			files = (
				A0BBDEB02689963500D52E4E /* NetworkingService.framework in Embed Frameworks */,
				A0BBDEA826895D0100D52E4E /* Movie.framework in Embed Frameworks */,
			);
			name = "Embed Frameworks";
			runOnlyForDeploymentPostprocessing = 0;
		};
/* End PBXCopyFilesBuildPhase section */

/* Begin PBXFileReference section */
		A06E121C2687A6A900017413 /* App.app */ = {isa = PBXFileReference; explicitFileType = wrapper.application; includeInIndex = 0; path = App.app; sourceTree = BUILT_PRODUCTS_DIR; };
		A06E121F2687A6A900017413 /* AppDelegate.swift */ = {isa = PBXFileReference; lastKnownFileType = sourcecode.swift; path = AppDelegate.swift; sourceTree = "<group>"; };
		A06E12212687A6A900017413 /* SceneDelegate.swift */ = {isa = PBXFileReference; lastKnownFileType = sourcecode.swift; path = SceneDelegate.swift; sourceTree = "<group>"; };
		A06E12282687A6AA00017413 /* Assets.xcassets */ = {isa = PBXFileReference; lastKnownFileType = folder.assetcatalog; path = Assets.xcassets; sourceTree = "<group>"; };
		A06E122B2687A6AA00017413 /* Base */ = {isa = PBXFileReference; lastKnownFileType = file.storyboard; name = Base; path = Base.lproj/LaunchScreen.storyboard; sourceTree = "<group>"; };
		A06E122D2687A6AA00017413 /* Info.plist */ = {isa = PBXFileReference; lastKnownFileType = text.plist.xml; path = Info.plist; sourceTree = "<group>"; };
		A0BBDEA626895D0100D52E4E /* Movie.framework */ = {isa = PBXFileReference; explicitFileType = wrapper.framework; path = Movie.framework; sourceTree = BUILT_PRODUCTS_DIR; };
		A0BBDEAC268995C900D52E4E /* Flow.swift */ = {isa = PBXFileReference; lastKnownFileType = sourcecode.swift; path = Flow.swift; sourceTree = "<group>"; };
		A0BBDEAE2689963500D52E4E /* NetworkingService.framework */ = {isa = PBXFileReference; explicitFileType = wrapper.framework; path = NetworkingService.framework; sourceTree = BUILT_PRODUCTS_DIR; };
		A0BBDEB52689A79100D52E4E /* MovieNetworkingServiceAdapter.swift */ = {isa = PBXFileReference; lastKnownFileType = sourcecode.swift; path = MovieNetworkingServiceAdapter.swift; sourceTree = "<group>"; };
/* End PBXFileReference section */

/* Begin PBXFrameworksBuildPhase section */
		A06E12192687A6A900017413 /* Frameworks */ = {
			isa = PBXFrameworksBuildPhase;
			buildActionMask = 2147483647;
			files = (
				A0BBDEAF2689963500D52E4E /* NetworkingService.framework in Frameworks */,
				A0BBDEA726895D0100D52E4E /* Movie.framework in Frameworks */,
			);
			runOnlyForDeploymentPostprocessing = 0;
		};
/* End PBXFrameworksBuildPhase section */

/* Begin PBXGroup section */
		A06E12132687A6A900017413 = {
			isa = PBXGroup;
			children = (
				A06E121E2687A6A900017413 /* App */,
				A06E121D2687A6A900017413 /* Products */,
				A0BBDEA526895D0100D52E4E /* Frameworks */,
			);
			sourceTree = "<group>";
		};
		A06E121D2687A6A900017413 /* Products */ = {
			isa = PBXGroup;
			children = (
				A06E121C2687A6A900017413 /* App.app */,
			);
			name = Products;
			sourceTree = "<group>";
		};
		A06E121E2687A6A900017413 /* App */ = {
			isa = PBXGroup;
			children = (
				A0BBDEAB268995B800D52E4E /* Flow */,
				A0BBDEAA2689959400D52E4E /* SupportingFiles */,
				A06E122D2687A6AA00017413 /* Info.plist */,
			);
			path = App;
			sourceTree = "<group>";
		};
		A0BBDEA526895D0100D52E4E /* Frameworks */ = {
			isa = PBXGroup;
			children = (
				A0BBDEAE2689963500D52E4E /* NetworkingService.framework */,
				A0BBDEA626895D0100D52E4E /* Movie.framework */,
			);
			name = Frameworks;
			sourceTree = "<group>";
		};
		A0BBDEAA2689959400D52E4E /* SupportingFiles */ = {
			isa = PBXGroup;
			children = (
				A06E122A2687A6AA00017413 /* LaunchScreen.storyboard */,
				A06E121F2687A6A900017413 /* AppDelegate.swift */,
				A06E12212687A6A900017413 /* SceneDelegate.swift */,
				A06E12282687A6AA00017413 /* Assets.xcassets */,
			);
			path = SupportingFiles;
			sourceTree = "<group>";
		};
		A0BBDEAB268995B800D52E4E /* Flow */ = {
			isa = PBXGroup;
			children = (
				A0BBDEB12689967200D52E4E /* Adapters */,
				A0BBDEAC268995C900D52E4E /* Flow.swift */,
			);
			path = Flow;
			sourceTree = "<group>";
		};
		A0BBDEB12689967200D52E4E /* Adapters */ = {
			isa = PBXGroup;
			children = (
				A0BBDEB52689A79100D52E4E /* MovieNetworkingServiceAdapter.swift */,
			);
			path = Adapters;
			sourceTree = "<group>";
		};
/* End PBXGroup section */

/* Begin PBXNativeTarget section */
		A06E121B2687A6A900017413 /* App */ = {
			isa = PBXNativeTarget;
			buildConfigurationList = A06E12302687A6AA00017413 /* Build configuration list for PBXNativeTarget "App" */;
			buildPhases = (
				A06E12182687A6A900017413 /* Sources */,
				A06E12192687A6A900017413 /* Frameworks */,
				A06E121A2687A6A900017413 /* Resources */,
				A0BBDEA926895D0100D52E4E /* Embed Frameworks */,
			);
			buildRules = (
			);
			dependencies = (
			);
			name = App;
			packageProductDependencies = (
			);
			productName = Movie;
			productReference = A06E121C2687A6A900017413 /* App.app */;
			productType = "com.apple.product-type.application";
		};
/* End PBXNativeTarget section */

/* Begin PBXProject section */
		A06E12142687A6A900017413 /* Project object */ = {
			isa = PBXProject;
			attributes = {
				LastSwiftUpdateCheck = 1250;
				LastUpgradeCheck = 1250;
				TargetAttributes = {
					A06E121B2687A6A900017413 = {
						CreatedOnToolsVersion = 12.5.1;
					};
				};
			};
			buildConfigurationList = A06E12172687A6A900017413 /* Build configuration list for PBXProject "App" */;
			compatibilityVersion = "Xcode 9.3";
			developmentRegion = en;
			hasScannedForEncodings = 0;
			knownRegions = (
				en,
				Base,
			);
			mainGroup = A06E12132687A6A900017413;
			packageReferences = (
			);
			productRefGroup = A06E121D2687A6A900017413 /* Products */;
			projectDirPath = "";
			projectRoot = "";
			targets = (
				A06E121B2687A6A900017413 /* App */,
			);
		};
/* End PBXProject section */

/* Begin PBXResourcesBuildPhase section */
		A06E121A2687A6A900017413 /* Resources */ = {
			isa = PBXResourcesBuildPhase;
			buildActionMask = 2147483647;
			files = (
				A06E122C2687A6AA00017413 /* LaunchScreen.storyboard in Resources */,
				A06E12292687A6AA00017413 /* Assets.xcassets in Resources */,
			);
			runOnlyForDeploymentPostprocessing = 0;
		};
/* End PBXResourcesBuildPhase section */

/* Begin PBXSourcesBuildPhase section */
		A06E12182687A6A900017413 /* Sources */ = {
			isa = PBXSourcesBuildPhase;
			buildActionMask = 2147483647;
			files = (
				A0BBDEB62689A79100D52E4E /* MovieNetworkingServiceAdapter.swift in Sources */,
				A0BBDEAD268995C900D52E4E /* Flow.swift in Sources */,
				A06E12202687A6A900017413 /* AppDelegate.swift in Sources */,
				A06E12222687A6A900017413 /* SceneDelegate.swift in Sources */,
			);
			runOnlyForDeploymentPostprocessing = 0;
		};
/* End PBXSourcesBuildPhase section */

/* Begin PBXVariantGroup section */
		A06E122A2687A6AA00017413 /* LaunchScreen.storyboard */ = {
			isa = PBXVariantGroup;
			children = (
				A06E122B2687A6AA00017413 /* Base */,
			);
			name = LaunchScreen.storyboard;
			sourceTree = "<group>";
		};
/* End PBXVariantGroup section */

/* Begin XCBuildConfiguration section */
		A06E122E2687A6AA00017413 /* Debug */ = {
			isa = XCBuildConfiguration;
			buildSettings = {
				ALWAYS_SEARCH_USER_PATHS = NO;
				CLANG_ANALYZER_NONNULL = YES;
				CLANG_ANALYZER_NUMBER_OBJECT_CONVERSION = YES_AGGRESSIVE;
				CLANG_CXX_LANGUAGE_STANDARD = "gnu++14";
				CLANG_CXX_LIBRARY = "libc++";
				CLANG_ENABLE_MODULES = YES;
				CLANG_ENABLE_OBJC_ARC = YES;
				CLANG_ENABLE_OBJC_WEAK = YES;
				CLANG_WARN_BLOCK_CAPTURE_AUTORELEASING = YES;
				CLANG_WARN_BOOL_CONVERSION = YES;
				CLANG_WARN_COMMA = YES;
				CLANG_WARN_CONSTANT_CONVERSION = YES;
				CLANG_WARN_DEPRECATED_OBJC_IMPLEMENTATIONS = YES;
				CLANG_WARN_DIRECT_OBJC_ISA_USAGE = YES_ERROR;
				CLANG_WARN_DOCUMENTATION_COMMENTS = YES;
				CLANG_WARN_EMPTY_BODY = YES;
				CLANG_WARN_ENUM_CONVERSION = YES;
				CLANG_WARN_INFINITE_RECURSION = YES;
				CLANG_WARN_INT_CONVERSION = YES;
				CLANG_WARN_NON_LITERAL_NULL_CONVERSION = YES;
				CLANG_WARN_OBJC_IMPLICIT_RETAIN_SELF = YES;
				CLANG_WARN_OBJC_LITERAL_CONVERSION = YES;
				CLANG_WARN_OBJC_ROOT_CLASS = YES_ERROR;
				CLANG_WARN_QUOTED_INCLUDE_IN_FRAMEWORK_HEADER = YES;
				CLANG_WARN_RANGE_LOOP_ANALYSIS = YES;
				CLANG_WARN_STRICT_PROTOTYPES = YES;
				CLANG_WARN_SUSPICIOUS_MOVE = YES;
				CLANG_WARN_UNGUARDED_AVAILABILITY = YES_AGGRESSIVE;
				CLANG_WARN_UNREACHABLE_CODE = YES;
				CLANG_WARN__DUPLICATE_METHOD_MATCH = YES;
				COPY_PHASE_STRIP = NO;
				DEBUG_INFORMATION_FORMAT = dwarf;
				ENABLE_STRICT_OBJC_MSGSEND = YES;
				ENABLE_TESTABILITY = YES;
				GCC_C_LANGUAGE_STANDARD = gnu11;
				GCC_DYNAMIC_NO_PIC = NO;
				GCC_NO_COMMON_BLOCKS = YES;
				GCC_OPTIMIZATION_LEVEL = 0;
				GCC_PREPROCESSOR_DEFINITIONS = (
					"DEBUG=1",
					"$(inherited)",
				);
				GCC_WARN_64_TO_32_BIT_CONVERSION = YES;
				GCC_WARN_ABOUT_RETURN_TYPE = YES_ERROR;
				GCC_WARN_UNDECLARED_SELECTOR = YES;
				GCC_WARN_UNINITIALIZED_AUTOS = YES_AGGRESSIVE;
				GCC_WARN_UNUSED_FUNCTION = YES;
				GCC_WARN_UNUSED_VARIABLE = YES;
				IPHONEOS_DEPLOYMENT_TARGET = 14.5;
				MTL_ENABLE_DEBUG_INFO = INCLUDE_SOURCE;
				MTL_FAST_MATH = YES;
				ONLY_ACTIVE_ARCH = YES;
				SDKROOT = iphoneos;
				SWIFT_ACTIVE_COMPILATION_CONDITIONS = DEBUG;
				SWIFT_OPTIMIZATION_LEVEL = "-Onone";
			};
			name = Debug;
		};
		A06E122F2687A6AA00017413 /* Release */ = {
			isa = XCBuildConfiguration;
			buildSettings = {
				ALWAYS_SEARCH_USER_PATHS = NO;
				CLANG_ANALYZER_NONNULL = YES;
				CLANG_ANALYZER_NUMBER_OBJECT_CONVERSION = YES_AGGRESSIVE;
				CLANG_CXX_LANGUAGE_STANDARD = "gnu++14";
				CLANG_CXX_LIBRARY = "libc++";
				CLANG_ENABLE_MODULES = YES;
				CLANG_ENABLE_OBJC_ARC = YES;
				CLANG_ENABLE_OBJC_WEAK = YES;
				CLANG_WARN_BLOCK_CAPTURE_AUTORELEASING = YES;
				CLANG_WARN_BOOL_CONVERSION = YES;
				CLANG_WARN_COMMA = YES;
				CLANG_WARN_CONSTANT_CONVERSION = YES;
				CLANG_WARN_DEPRECATED_OBJC_IMPLEMENTATIONS = YES;
				CLANG_WARN_DIRECT_OBJC_ISA_USAGE = YES_ERROR;
				CLANG_WARN_DOCUMENTATION_COMMENTS = YES;
				CLANG_WARN_EMPTY_BODY = YES;
				CLANG_WARN_ENUM_CONVERSION = YES;
				CLANG_WARN_INFINITE_RECURSION = YES;
				CLANG_WARN_INT_CONVERSION = YES;
				CLANG_WARN_NON_LITERAL_NULL_CONVERSION = YES;
				CLANG_WARN_OBJC_IMPLICIT_RETAIN_SELF = YES;
				CLANG_WARN_OBJC_LITERAL_CONVERSION = YES;
				CLANG_WARN_OBJC_ROOT_CLASS = YES_ERROR;
				CLANG_WARN_QUOTED_INCLUDE_IN_FRAMEWORK_HEADER = YES;
				CLANG_WARN_RANGE_LOOP_ANALYSIS = YES;
				CLANG_WARN_STRICT_PROTOTYPES = YES;
				CLANG_WARN_SUSPICIOUS_MOVE = YES;
				CLANG_WARN_UNGUARDED_AVAILABILITY = YES_AGGRESSIVE;
				CLANG_WARN_UNREACHABLE_CODE = YES;
				CLANG_WARN__DUPLICATE_METHOD_MATCH = YES;
				COPY_PHASE_STRIP = NO;
				DEBUG_INFORMATION_FORMAT = "dwarf-with-dsym";
				ENABLE_NS_ASSERTIONS = NO;
				ENABLE_STRICT_OBJC_MSGSEND = YES;
				GCC_C_LANGUAGE_STANDARD = gnu11;
				GCC_NO_COMMON_BLOCKS = YES;
				GCC_WARN_64_TO_32_BIT_CONVERSION = YES;
				GCC_WARN_ABOUT_RETURN_TYPE = YES_ERROR;
				GCC_WARN_UNDECLARED_SELECTOR = YES;
				GCC_WARN_UNINITIALIZED_AUTOS = YES_AGGRESSIVE;
				GCC_WARN_UNUSED_FUNCTION = YES;
				GCC_WARN_UNUSED_VARIABLE = YES;
				IPHONEOS_DEPLOYMENT_TARGET = 14.5;
				MTL_ENABLE_DEBUG_INFO = NO;
				MTL_FAST_MATH = YES;
				SDKROOT = iphoneos;
				SWIFT_COMPILATION_MODE = wholemodule;
				SWIFT_OPTIMIZATION_LEVEL = "-O";
				VALIDATE_PRODUCT = YES;
			};
			name = Release;
		};
		A06E12312687A6AA00017413 /* Debug */ = {
			isa = XCBuildConfiguration;
			buildSettings = {
				ASSETCATALOG_COMPILER_APPICON_NAME = AppIcon;
				ASSETCATALOG_COMPILER_GLOBAL_ACCENT_COLOR_NAME = AccentColor;
				CODE_SIGN_STYLE = Automatic;
				DEVELOPMENT_TEAM = M29R8TYG9B;
				INFOPLIST_FILE = App/Info.plist;
				LD_RUNPATH_SEARCH_PATHS = (
					"$(inherited)",
					"@executable_path/Frameworks",
				);
				PRODUCT_BUNDLE_IDENTIFIER = com.lchavezpozo.App;
				PRODUCT_NAME = "$(TARGET_NAME)";
				SWIFT_VERSION = 5.0;
				TARGETED_DEVICE_FAMILY = 1;
			};
			name = Debug;
		};
		A06E12322687A6AA00017413 /* Release */ = {
			isa = XCBuildConfiguration;
			buildSettings = {
				ASSETCATALOG_COMPILER_APPICON_NAME = AppIcon;
				ASSETCATALOG_COMPILER_GLOBAL_ACCENT_COLOR_NAME = AccentColor;
				CODE_SIGN_STYLE = Automatic;
				DEVELOPMENT_TEAM = M29R8TYG9B;
				INFOPLIST_FILE = App/Info.plist;
				LD_RUNPATH_SEARCH_PATHS = (
					"$(inherited)",
					"@executable_path/Frameworks",
				);
				PRODUCT_BUNDLE_IDENTIFIER = com.lchavezpozo.App;
				PRODUCT_NAME = "$(TARGET_NAME)";
				SWIFT_VERSION = 5.0;
				TARGETED_DEVICE_FAMILY = 1;
			};
			name = Release;
		};
/* End XCBuildConfiguration section */

/* Begin XCConfigurationList section */
		A06E12172687A6A900017413 /* Build configuration list for PBXProject "App" */ = {
			isa = XCConfigurationList;
			buildConfigurations = (
				A06E122E2687A6AA00017413 /* Debug */,
				A06E122F2687A6AA00017413 /* Release */,
			);
			defaultConfigurationIsVisible = 0;
			defaultConfigurationName = Release;
		};
		A06E12302687A6AA00017413 /* Build configuration list for PBXNativeTarget "App" */ = {
			isa = XCConfigurationList;
			buildConfigurations = (
				A06E12312687A6AA00017413 /* Debug */,
				A06E12322687A6AA00017413 /* Release */,
			);
			defaultConfigurationIsVisible = 0;
			defaultConfigurationName = Release;
		};
/* End XCConfigurationList section */
	};
	rootObject = A06E12142687A6A900017413 /* Project object */;
}
