// !$*UTF8*$!
{
	archiveVersion = 1;
	classes = {
	};
	objectVersion = 50;
	objects = {

/* Begin PBXBuildFile section */
		A06E12202687A6A900017413 /* AppDelegate.swift in Sources */ = {isa = PBXBuildFile; fileRef = A06E121F2687A6A900017413 /* AppDelegate.swift */; };
		A06E12222687A6A900017413 /* SceneDelegate.swift in Sources */ = {isa = PBXBuildFile; fileRef = A06E12212687A6A900017413 /* SceneDelegate.swift */; };
		A06E12242687A6A900017413 /* ViewController.swift in Sources */ = {isa = PBXBuildFile; fileRef = A06E12232687A6A900017413 /* ViewController.swift */; };
		A06E12272687A6A900017413 /* Main.storyboard in Resources */ = {isa = PBXBuildFile; fileRef = A06E12252687A6A900017413 /* Main.storyboard */; };
		A06E12292687A6AA00017413 /* Assets.xcassets in Resources */ = {isa = PBXBuildFile; fileRef = A06E12282687A6AA00017413 /* Assets.xcassets */; };
		A06E122C2687A6AA00017413 /* LaunchScreen.storyboard in Resources */ = {isa = PBXBuildFile; fileRef = A06E122A2687A6AA00017413 /* LaunchScreen.storyboard */; };
		A06E123A2687B70700017413 /* MovieCategoryListView.swift in Sources */ = {isa = PBXBuildFile; fileRef = A06E12392687B70700017413 /* MovieCategoryListView.swift */; };
		A06E123C2687E3CD00017413 /* MovieCategoryListViewController.swift in Sources */ = {isa = PBXBuildFile; fileRef = A06E123B2687E3CD00017413 /* MovieCategoryListViewController.swift */; };
		A06E12402687E63100017413 /* MovieListCell.swift in Sources */ = {isa = PBXBuildFile; fileRef = A06E123F2687E63100017413 /* MovieListCell.swift */; };
		A06E12422687F1CE00017413 /* MovieCollectionCell.swift in Sources */ = {isa = PBXBuildFile; fileRef = A06E12412687F1CE00017413 /* MovieCollectionCell.swift */; };
		A06E124726880D2700017413 /* CellType.swift in Sources */ = {isa = PBXBuildFile; fileRef = A06E124626880D2700017413 /* CellType.swift */; };
		A06E124B26880F9B00017413 /* CacheImage.swift in Sources */ = {isa = PBXBuildFile; fileRef = A06E124A26880F9B00017413 /* CacheImage.swift */; };
		A06E124E26882C6800017413 /* MovieCategoryListModule.swift in Sources */ = {isa = PBXBuildFile; fileRef = A06E124D26882C6800017413 /* MovieCategoryListModule.swift */; };
		A06E125026882E7200017413 /* DefaultMovieCategoryListPresenter.swift in Sources */ = {isa = PBXBuildFile; fileRef = A06E124F26882E7200017413 /* DefaultMovieCategoryListPresenter.swift */; };
		A06E125226882E8E00017413 /* MovieCategoryListPresenter.swift in Sources */ = {isa = PBXBuildFile; fileRef = A06E125126882E8E00017413 /* MovieCategoryListPresenter.swift */; };
		A06E125426882E9F00017413 /* MovieCategoryListRouter.swift in Sources */ = {isa = PBXBuildFile; fileRef = A06E125326882E9F00017413 /* MovieCategoryListRouter.swift */; };
		A06E125726884D9600017413 /* MovieCategoryViewModel.swift in Sources */ = {isa = PBXBuildFile; fileRef = A06E125626884D9600017413 /* MovieCategoryViewModel.swift */; };
		A06E125926884DAB00017413 /* MovieViewModel.swift in Sources */ = {isa = PBXBuildFile; fileRef = A06E125826884DAB00017413 /* MovieViewModel.swift */; };
		A06E125B268850C600017413 /* DefaultMovieCategoryListRouter.swift in Sources */ = {isa = PBXBuildFile; fileRef = A06E125A268850C600017413 /* DefaultMovieCategoryListRouter.swift */; };
/* End PBXBuildFile section */

/* Begin PBXFileReference section */
		A06E121C2687A6A900017413 /* Movie.app */ = {isa = PBXFileReference; explicitFileType = wrapper.application; includeInIndex = 0; path = Movie.app; sourceTree = BUILT_PRODUCTS_DIR; };
		A06E121F2687A6A900017413 /* AppDelegate.swift */ = {isa = PBXFileReference; lastKnownFileType = sourcecode.swift; path = AppDelegate.swift; sourceTree = "<group>"; };
		A06E12212687A6A900017413 /* SceneDelegate.swift */ = {isa = PBXFileReference; lastKnownFileType = sourcecode.swift; path = SceneDelegate.swift; sourceTree = "<group>"; };
		A06E12232687A6A900017413 /* ViewController.swift */ = {isa = PBXFileReference; lastKnownFileType = sourcecode.swift; path = ViewController.swift; sourceTree = "<group>"; };
		A06E12262687A6A900017413 /* Base */ = {isa = PBXFileReference; lastKnownFileType = file.storyboard; name = Base; path = Base.lproj/Main.storyboard; sourceTree = "<group>"; };
		A06E12282687A6AA00017413 /* Assets.xcassets */ = {isa = PBXFileReference; lastKnownFileType = folder.assetcatalog; path = Assets.xcassets; sourceTree = "<group>"; };
		A06E122B2687A6AA00017413 /* Base */ = {isa = PBXFileReference; lastKnownFileType = file.storyboard; name = Base; path = Base.lproj/LaunchScreen.storyboard; sourceTree = "<group>"; };
		A06E122D2687A6AA00017413 /* Info.plist */ = {isa = PBXFileReference; lastKnownFileType = text.plist.xml; path = Info.plist; sourceTree = "<group>"; };
		A06E12392687B70700017413 /* MovieCategoryListView.swift */ = {isa = PBXFileReference; lastKnownFileType = sourcecode.swift; path = MovieCategoryListView.swift; sourceTree = "<group>"; };
		A06E123B2687E3CD00017413 /* MovieCategoryListViewController.swift */ = {isa = PBXFileReference; lastKnownFileType = sourcecode.swift; path = MovieCategoryListViewController.swift; sourceTree = "<group>"; };
		A06E123F2687E63100017413 /* MovieListCell.swift */ = {isa = PBXFileReference; lastKnownFileType = sourcecode.swift; path = MovieListCell.swift; sourceTree = "<group>"; };
		A06E12412687F1CE00017413 /* MovieCollectionCell.swift */ = {isa = PBXFileReference; lastKnownFileType = sourcecode.swift; path = MovieCollectionCell.swift; sourceTree = "<group>"; };
		A06E124626880D2700017413 /* CellType.swift */ = {isa = PBXFileReference; lastKnownFileType = sourcecode.swift; path = CellType.swift; sourceTree = "<group>"; };
		A06E124A26880F9B00017413 /* CacheImage.swift */ = {isa = PBXFileReference; lastKnownFileType = sourcecode.swift; path = CacheImage.swift; sourceTree = "<group>"; };
		A06E124D26882C6800017413 /* MovieCategoryListModule.swift */ = {isa = PBXFileReference; lastKnownFileType = sourcecode.swift; path = MovieCategoryListModule.swift; sourceTree = "<group>"; };
		A06E124F26882E7200017413 /* DefaultMovieCategoryListPresenter.swift */ = {isa = PBXFileReference; lastKnownFileType = sourcecode.swift; path = DefaultMovieCategoryListPresenter.swift; sourceTree = "<group>"; };
		A06E125126882E8E00017413 /* MovieCategoryListPresenter.swift */ = {isa = PBXFileReference; lastKnownFileType = sourcecode.swift; path = MovieCategoryListPresenter.swift; sourceTree = "<group>"; };
		A06E125326882E9F00017413 /* MovieCategoryListRouter.swift */ = {isa = PBXFileReference; lastKnownFileType = sourcecode.swift; path = MovieCategoryListRouter.swift; sourceTree = "<group>"; };
		A06E125626884D9600017413 /* MovieCategoryViewModel.swift */ = {isa = PBXFileReference; lastKnownFileType = sourcecode.swift; path = MovieCategoryViewModel.swift; sourceTree = "<group>"; };
		A06E125826884DAB00017413 /* MovieViewModel.swift */ = {isa = PBXFileReference; lastKnownFileType = sourcecode.swift; path = MovieViewModel.swift; sourceTree = "<group>"; };
		A06E125A268850C600017413 /* DefaultMovieCategoryListRouter.swift */ = {isa = PBXFileReference; lastKnownFileType = sourcecode.swift; path = DefaultMovieCategoryListRouter.swift; sourceTree = "<group>"; };
/* End PBXFileReference section */

/* Begin PBXFrameworksBuildPhase section */
		A06E12192687A6A900017413 /* Frameworks */ = {
			isa = PBXFrameworksBuildPhase;
			buildActionMask = 2147483647;
			files = (
			);
			runOnlyForDeploymentPostprocessing = 0;
		};
/* End PBXFrameworksBuildPhase section */

/* Begin PBXGroup section */
		A06E12132687A6A900017413 = {
			isa = PBXGroup;
			children = (
				A06E121E2687A6A900017413 /* Movie */,
				A06E121D2687A6A900017413 /* Products */,
			);
			sourceTree = "<group>";
		};
		A06E121D2687A6A900017413 /* Products */ = {
			isa = PBXGroup;
			children = (
				A06E121C2687A6A900017413 /* Movie.app */,
			);
			name = Products;
			sourceTree = "<group>";
		};
		A06E121E2687A6A900017413 /* Movie */ = {
			isa = PBXGroup;
			children = (
				A06E124826880F8500017413 /* Components */,
				A06E124326880CFF00017413 /* Core */,
				A06E12352687A6E700017413 /* Data */,
				A06E12342687A6DD00017413 /* Domain */,
				A06E12332687A6D000017413 /* Presentation */,
				A06E121F2687A6A900017413 /* AppDelegate.swift */,
				A06E12212687A6A900017413 /* SceneDelegate.swift */,
				A06E12232687A6A900017413 /* ViewController.swift */,
				A06E12252687A6A900017413 /* Main.storyboard */,
				A06E12282687A6AA00017413 /* Assets.xcassets */,
				A06E122A2687A6AA00017413 /* LaunchScreen.storyboard */,
				A06E122D2687A6AA00017413 /* Info.plist */,
			);
			path = Movie;
			sourceTree = "<group>";
		};
		A06E12332687A6D000017413 /* Presentation */ = {
			isa = PBXGroup;
			children = (
				A06E125526884D5E00017413 /* ViewModels */,
				A06E12362687B0A700017413 /* MovieList */,
			);
			path = Presentation;
			sourceTree = "<group>";
		};
		A06E12342687A6DD00017413 /* Domain */ = {
			isa = PBXGroup;
			children = (
			);
			path = Domain;
			sourceTree = "<group>";
		};
		A06E12352687A6E700017413 /* Data */ = {
			isa = PBXGroup;
			children = (
			);
			path = Data;
			sourceTree = "<group>";
		};
		A06E12362687B0A700017413 /* MovieList */ = {
			isa = PBXGroup;
			children = (
				A06E124C26882C4F00017413 /* Module */,
				A06E12382687B6D200017413 /* Implementations */,
				A06E12372687B6C400017413 /* Interfaces */,
				A06E123D2687E5DB00017413 /* Components */,
			);
			path = MovieList;
			sourceTree = "<group>";
		};
		A06E12372687B6C400017413 /* Interfaces */ = {
			isa = PBXGroup;
			children = (
				A06E12392687B70700017413 /* MovieCategoryListView.swift */,
				A06E125126882E8E00017413 /* MovieCategoryListPresenter.swift */,
				A06E125326882E9F00017413 /* MovieCategoryListRouter.swift */,
			);
			path = Interfaces;
			sourceTree = "<group>";
		};
		A06E12382687B6D200017413 /* Implementations */ = {
			isa = PBXGroup;
			children = (
				A06E123B2687E3CD00017413 /* MovieCategoryListViewController.swift */,
				A06E124F26882E7200017413 /* DefaultMovieCategoryListPresenter.swift */,
				A06E125A268850C600017413 /* DefaultMovieCategoryListRouter.swift */,
			);
			path = Implementations;
			sourceTree = "<group>";
		};
		A06E123D2687E5DB00017413 /* Components */ = {
			isa = PBXGroup;
			children = (
				A06E123E2687E5E900017413 /* Cells */,
			);
			path = Components;
			sourceTree = "<group>";
		};
		A06E123E2687E5E900017413 /* Cells */ = {
			isa = PBXGroup;
			children = (
				A06E123F2687E63100017413 /* MovieListCell.swift */,
				A06E12412687F1CE00017413 /* MovieCollectionCell.swift */,
			);
			path = Cells;
			sourceTree = "<group>";
		};
		A06E124326880CFF00017413 /* Core */ = {
			isa = PBXGroup;
			children = (
				A06E124526880D1400017413 /* Utils */,
				A06E124426880D0700017413 /* Extensions */,
			);
			path = Core;
			sourceTree = "<group>";
		};
		A06E124426880D0700017413 /* Extensions */ = {
			isa = PBXGroup;
			children = (
			);
			path = Extensions;
			sourceTree = "<group>";
		};
		A06E124526880D1400017413 /* Utils */ = {
			isa = PBXGroup;
			children = (
				A06E124626880D2700017413 /* CellType.swift */,
			);
			path = Utils;
			sourceTree = "<group>";
		};
		A06E124826880F8500017413 /* Components */ = {
			isa = PBXGroup;
			children = (
				A06E124926880F8C00017413 /* CacheImage */,
			);
			path = Components;
			sourceTree = "<group>";
		};
		A06E124926880F8C00017413 /* CacheImage */ = {
			isa = PBXGroup;
			children = (
				A06E124A26880F9B00017413 /* CacheImage.swift */,
			);
			path = CacheImage;
			sourceTree = "<group>";
		};
		A06E124C26882C4F00017413 /* Module */ = {
			isa = PBXGroup;
			children = (
				A06E124D26882C6800017413 /* MovieCategoryListModule.swift */,
			);
			path = Module;
			sourceTree = "<group>";
		};
		A06E125526884D5E00017413 /* ViewModels */ = {
			isa = PBXGroup;
			children = (
				A06E125626884D9600017413 /* MovieCategoryViewModel.swift */,
				A06E125826884DAB00017413 /* MovieViewModel.swift */,
			);
			path = ViewModels;
			sourceTree = "<group>";
		};
/* End PBXGroup section */

/* Begin PBXNativeTarget section */
		A06E121B2687A6A900017413 /* Movie */ = {
			isa = PBXNativeTarget;
			buildConfigurationList = A06E12302687A6AA00017413 /* Build configuration list for PBXNativeTarget "Movie" */;
			buildPhases = (
				A06E12182687A6A900017413 /* Sources */,
				A06E12192687A6A900017413 /* Frameworks */,
				A06E121A2687A6A900017413 /* Resources */,
			);
			buildRules = (
			);
			dependencies = (
			);
			name = Movie;
			productName = Movie;
			productReference = A06E121C2687A6A900017413 /* Movie.app */;
			productType = "com.apple.product-type.application";
		};
/* End PBXNativeTarget section */

/* Begin PBXProject section */
		A06E12142687A6A900017413 /* Project object */ = {
			isa = PBXProject;
			attributes = {
				LastSwiftUpdateCheck = 1250;
				LastUpgradeCheck = 1250;
				TargetAttributes = {
					A06E121B2687A6A900017413 = {
						CreatedOnToolsVersion = 12.5.1;
					};
				};
			};
			buildConfigurationList = A06E12172687A6A900017413 /* Build configuration list for PBXProject "Movie" */;
			compatibilityVersion = "Xcode 9.3";
			developmentRegion = en;
			hasScannedForEncodings = 0;
			knownRegions = (
				en,
				Base,
			);
			mainGroup = A06E12132687A6A900017413;
			productRefGroup = A06E121D2687A6A900017413 /* Products */;
			projectDirPath = "";
			projectRoot = "";
			targets = (
				A06E121B2687A6A900017413 /* Movie */,
			);
		};
/* End PBXProject section */

/* Begin PBXResourcesBuildPhase section */
		A06E121A2687A6A900017413 /* Resources */ = {
			isa = PBXResourcesBuildPhase;
			buildActionMask = 2147483647;
			files = (
				A06E122C2687A6AA00017413 /* LaunchScreen.storyboard in Resources */,
				A06E12292687A6AA00017413 /* Assets.xcassets in Resources */,
				A06E12272687A6A900017413 /* Main.storyboard in Resources */,
			);
			runOnlyForDeploymentPostprocessing = 0;
		};
/* End PBXResourcesBuildPhase section */

/* Begin PBXSourcesBuildPhase section */
		A06E12182687A6A900017413 /* Sources */ = {
			isa = PBXSourcesBuildPhase;
			buildActionMask = 2147483647;
			files = (
				A06E125026882E7200017413 /* DefaultMovieCategoryListPresenter.swift in Sources */,
				A06E12242687A6A900017413 /* ViewController.swift in Sources */,
				A06E123C2687E3CD00017413 /* MovieCategoryListViewController.swift in Sources */,
				A06E125726884D9600017413 /* MovieCategoryViewModel.swift in Sources */,
				A06E124E26882C6800017413 /* MovieCategoryListModule.swift in Sources */,
				A06E123A2687B70700017413 /* MovieCategoryListView.swift in Sources */,
				A06E124B26880F9B00017413 /* CacheImage.swift in Sources */,
				A06E124726880D2700017413 /* CellType.swift in Sources */,
				A06E12422687F1CE00017413 /* MovieCollectionCell.swift in Sources */,
				A06E125226882E8E00017413 /* MovieCategoryListPresenter.swift in Sources */,
				A06E12402687E63100017413 /* MovieListCell.swift in Sources */,
				A06E125926884DAB00017413 /* MovieViewModel.swift in Sources */,
				A06E125426882E9F00017413 /* MovieCategoryListRouter.swift in Sources */,
				A06E12202687A6A900017413 /* AppDelegate.swift in Sources */,
				A06E12222687A6A900017413 /* SceneDelegate.swift in Sources */,
				A06E125B268850C600017413 /* DefaultMovieCategoryListRouter.swift in Sources */,
			);
			runOnlyForDeploymentPostprocessing = 0;
		};
/* End PBXSourcesBuildPhase section */

/* Begin PBXVariantGroup section */
		A06E12252687A6A900017413 /* Main.storyboard */ = {
			isa = PBXVariantGroup;
			children = (
				A06E12262687A6A900017413 /* Base */,
			);
			name = Main.storyboard;
			sourceTree = "<group>";
		};
		A06E122A2687A6AA00017413 /* LaunchScreen.storyboard */ = {
			isa = PBXVariantGroup;
			children = (
				A06E122B2687A6AA00017413 /* Base */,
			);
			name = LaunchScreen.storyboard;
			sourceTree = "<group>";
		};
/* End PBXVariantGroup section */

/* Begin XCBuildConfiguration section */
		A06E122E2687A6AA00017413 /* Debug */ = {
			isa = XCBuildConfiguration;
			buildSettings = {
				ALWAYS_SEARCH_USER_PATHS = NO;
				CLANG_ANALYZER_NONNULL = YES;
				CLANG_ANALYZER_NUMBER_OBJECT_CONVERSION = YES_AGGRESSIVE;
				CLANG_CXX_LANGUAGE_STANDARD = "gnu++14";
				CLANG_CXX_LIBRARY = "libc++";
				CLANG_ENABLE_MODULES = YES;
				CLANG_ENABLE_OBJC_ARC = YES;
				CLANG_ENABLE_OBJC_WEAK = YES;
				CLANG_WARN_BLOCK_CAPTURE_AUTORELEASING = YES;
				CLANG_WARN_BOOL_CONVERSION = YES;
				CLANG_WARN_COMMA = YES;
				CLANG_WARN_CONSTANT_CONVERSION = YES;
				CLANG_WARN_DEPRECATED_OBJC_IMPLEMENTATIONS = YES;
				CLANG_WARN_DIRECT_OBJC_ISA_USAGE = YES_ERROR;
				CLANG_WARN_DOCUMENTATION_COMMENTS = YES;
				CLANG_WARN_EMPTY_BODY = YES;
				CLANG_WARN_ENUM_CONVERSION = YES;
				CLANG_WARN_INFINITE_RECURSION = YES;
				CLANG_WARN_INT_CONVERSION = YES;
				CLANG_WARN_NON_LITERAL_NULL_CONVERSION = YES;
				CLANG_WARN_OBJC_IMPLICIT_RETAIN_SELF = YES;
				CLANG_WARN_OBJC_LITERAL_CONVERSION = YES;
				CLANG_WARN_OBJC_ROOT_CLASS = YES_ERROR;
				CLANG_WARN_QUOTED_INCLUDE_IN_FRAMEWORK_HEADER = YES;
				CLANG_WARN_RANGE_LOOP_ANALYSIS = YES;
				CLANG_WARN_STRICT_PROTOTYPES = YES;
				CLANG_WARN_SUSPICIOUS_MOVE = YES;
				CLANG_WARN_UNGUARDED_AVAILABILITY = YES_AGGRESSIVE;
				CLANG_WARN_UNREACHABLE_CODE = YES;
				CLANG_WARN__DUPLICATE_METHOD_MATCH = YES;
				COPY_PHASE_STRIP = NO;
				DEBUG_INFORMATION_FORMAT = dwarf;
				ENABLE_STRICT_OBJC_MSGSEND = YES;
				ENABLE_TESTABILITY = YES;
				GCC_C_LANGUAGE_STANDARD = gnu11;
				GCC_DYNAMIC_NO_PIC = NO;
				GCC_NO_COMMON_BLOCKS = YES;
				GCC_OPTIMIZATION_LEVEL = 0;
				GCC_PREPROCESSOR_DEFINITIONS = (
					"DEBUG=1",
					"$(inherited)",
				);
				GCC_WARN_64_TO_32_BIT_CONVERSION = YES;
				GCC_WARN_ABOUT_RETURN_TYPE = YES_ERROR;
				GCC_WARN_UNDECLARED_SELECTOR = YES;
				GCC_WARN_UNINITIALIZED_AUTOS = YES_AGGRESSIVE;
				GCC_WARN_UNUSED_FUNCTION = YES;
				GCC_WARN_UNUSED_VARIABLE = YES;
				IPHONEOS_DEPLOYMENT_TARGET = 14.5;
				MTL_ENABLE_DEBUG_INFO = INCLUDE_SOURCE;
				MTL_FAST_MATH = YES;
				ONLY_ACTIVE_ARCH = YES;
				SDKROOT = iphoneos;
				SWIFT_ACTIVE_COMPILATION_CONDITIONS = DEBUG;
				SWIFT_OPTIMIZATION_LEVEL = "-Onone";
			};
			name = Debug;
		};
		A06E122F2687A6AA00017413 /* Release */ = {
			isa = XCBuildConfiguration;
			buildSettings = {
				ALWAYS_SEARCH_USER_PATHS = NO;
				CLANG_ANALYZER_NONNULL = YES;
				CLANG_ANALYZER_NUMBER_OBJECT_CONVERSION = YES_AGGRESSIVE;
				CLANG_CXX_LANGUAGE_STANDARD = "gnu++14";
				CLANG_CXX_LIBRARY = "libc++";
				CLANG_ENABLE_MODULES = YES;
				CLANG_ENABLE_OBJC_ARC = YES;
				CLANG_ENABLE_OBJC_WEAK = YES;
				CLANG_WARN_BLOCK_CAPTURE_AUTORELEASING = YES;
				CLANG_WARN_BOOL_CONVERSION = YES;
				CLANG_WARN_COMMA = YES;
				CLANG_WARN_CONSTANT_CONVERSION = YES;
				CLANG_WARN_DEPRECATED_OBJC_IMPLEMENTATIONS = YES;
				CLANG_WARN_DIRECT_OBJC_ISA_USAGE = YES_ERROR;
				CLANG_WARN_DOCUMENTATION_COMMENTS = YES;
				CLANG_WARN_EMPTY_BODY = YES;
				CLANG_WARN_ENUM_CONVERSION = YES;
				CLANG_WARN_INFINITE_RECURSION = YES;
				CLANG_WARN_INT_CONVERSION = YES;
				CLANG_WARN_NON_LITERAL_NULL_CONVERSION = YES;
				CLANG_WARN_OBJC_IMPLICIT_RETAIN_SELF = YES;
				CLANG_WARN_OBJC_LITERAL_CONVERSION = YES;
				CLANG_WARN_OBJC_ROOT_CLASS = YES_ERROR;
				CLANG_WARN_QUOTED_INCLUDE_IN_FRAMEWORK_HEADER = YES;
				CLANG_WARN_RANGE_LOOP_ANALYSIS = YES;
				CLANG_WARN_STRICT_PROTOTYPES = YES;
				CLANG_WARN_SUSPICIOUS_MOVE = YES;
				CLANG_WARN_UNGUARDED_AVAILABILITY = YES_AGGRESSIVE;
				CLANG_WARN_UNREACHABLE_CODE = YES;
				CLANG_WARN__DUPLICATE_METHOD_MATCH = YES;
				COPY_PHASE_STRIP = NO;
				DEBUG_INFORMATION_FORMAT = "dwarf-with-dsym";
				ENABLE_NS_ASSERTIONS = NO;
				ENABLE_STRICT_OBJC_MSGSEND = YES;
				GCC_C_LANGUAGE_STANDARD = gnu11;
				GCC_NO_COMMON_BLOCKS = YES;
				GCC_WARN_64_TO_32_BIT_CONVERSION = YES;
				GCC_WARN_ABOUT_RETURN_TYPE = YES_ERROR;
				GCC_WARN_UNDECLARED_SELECTOR = YES;
				GCC_WARN_UNINITIALIZED_AUTOS = YES_AGGRESSIVE;
				GCC_WARN_UNUSED_FUNCTION = YES;
				GCC_WARN_UNUSED_VARIABLE = YES;
				IPHONEOS_DEPLOYMENT_TARGET = 14.5;
				MTL_ENABLE_DEBUG_INFO = NO;
				MTL_FAST_MATH = YES;
				SDKROOT = iphoneos;
				SWIFT_COMPILATION_MODE = wholemodule;
				SWIFT_OPTIMIZATION_LEVEL = "-O";
				VALIDATE_PRODUCT = YES;
			};
			name = Release;
		};
		A06E12312687A6AA00017413 /* Debug */ = {
			isa = XCBuildConfiguration;
			buildSettings = {
				ASSETCATALOG_COMPILER_APPICON_NAME = AppIcon;
				ASSETCATALOG_COMPILER_GLOBAL_ACCENT_COLOR_NAME = AccentColor;
				CODE_SIGN_STYLE = Automatic;
				DEVELOPMENT_TEAM = M29R8TYG9B;
				INFOPLIST_FILE = Movie/Info.plist;
				LD_RUNPATH_SEARCH_PATHS = (
					"$(inherited)",
					"@executable_path/Frameworks",
				);
				PRODUCT_BUNDLE_IDENTIFIER = com.lchavezpozo.Movie;
				PRODUCT_NAME = "$(TARGET_NAME)";
				SWIFT_VERSION = 5.0;
				TARGETED_DEVICE_FAMILY = 1;
			};
			name = Debug;
		};
		A06E12322687A6AA00017413 /* Release */ = {
			isa = XCBuildConfiguration;
			buildSettings = {
				ASSETCATALOG_COMPILER_APPICON_NAME = AppIcon;
				ASSETCATALOG_COMPILER_GLOBAL_ACCENT_COLOR_NAME = AccentColor;
				CODE_SIGN_STYLE = Automatic;
				DEVELOPMENT_TEAM = M29R8TYG9B;
				INFOPLIST_FILE = Movie/Info.plist;
				LD_RUNPATH_SEARCH_PATHS = (
					"$(inherited)",
					"@executable_path/Frameworks",
				);
				PRODUCT_BUNDLE_IDENTIFIER = com.lchavezpozo.Movie;
				PRODUCT_NAME = "$(TARGET_NAME)";
				SWIFT_VERSION = 5.0;
				TARGETED_DEVICE_FAMILY = 1;
			};
			name = Release;
		};
/* End XCBuildConfiguration section */

/* Begin XCConfigurationList section */
		A06E12172687A6A900017413 /* Build configuration list for PBXProject "Movie" */ = {
			isa = XCConfigurationList;
			buildConfigurations = (
				A06E122E2687A6AA00017413 /* Debug */,
				A06E122F2687A6AA00017413 /* Release */,
			);
			defaultConfigurationIsVisible = 0;
			defaultConfigurationName = Release;
		};
		A06E12302687A6AA00017413 /* Build configuration list for PBXNativeTarget "Movie" */ = {
			isa = XCConfigurationList;
			buildConfigurations = (
				A06E12312687A6AA00017413 /* Debug */,
				A06E12322687A6AA00017413 /* Release */,
			);
			defaultConfigurationIsVisible = 0;
			defaultConfigurationName = Release;
		};
/* End XCConfigurationList section */
	};
	rootObject = A06E12142687A6A900017413 /* Project object */;
}
